
Microsoft Visual Studio Solution File, Format Version 12.00
# Visual Studio 2013
VisualStudioVersion = 12.0.30723.0
MinimumVisualStudioVersion = 10.0.40219.1
Project("{FAE04EC0-301F-11D3-BF4B-00C04F79EFBC}") = "InpcTracer", "InpcTracer\InpcTracer.csproj", "{E30365B6-EC9D-45EC-84E3-9AF5BD069EEF}"
EndProject
Project("{FAE04EC0-301F-11D3-BF4B-00C04F79EFBC}") = "InpcTracer.Tests", "InpcTracer.Tests\InpcTracer.Tests.csproj", "{9238F80E-EDC8-4059-B615-873196D6A1A0}"
EndProject
Project("{2150E333-8FDC-42A3-9474-1A3956D46DE8}") = ".nuget", ".nuget", "{F1999FBA-E1E5-4A74-B6E9-84A4B2C00D99}"
	ProjectSection(SolutionItems) = preProject
		.nuget\NuGet.Config = .nuget\NuGet.Config
		.nuget\NuGet.exe = .nuget\NuGet.exe
		.nuget\NuGet.targets = .nuget\NuGet.targets
	EndProjectSection
EndProject
Project("{FAE04EC0-301F-11D3-BF4B-00C04F79EFBC}") = "InpcTracer.Nuget.Tests", "InpcTracer.Nuget.Tests\InpcTracer.Nuget.Tests.csproj", "{3F374E6C-C9CA-49E4-850D-F8A344A372D0}"
EndProject
Project("{FAE04EC0-301F-11D3-BF4B-00C04F79EFBC}") = "InpcTracer.NTests", "InpcTracer.NTests\InpcTracer.NTests.csproj", "{BAA0D427-0B20-436B-A9D8-9C20171ABAF7}"
EndProject
Project("{2150E333-8FDC-42A3-9474-1A3956D46DE8}") = "Solution Items", "Solution Items", "{2BD736DE-FB4D-4310-81A0-C0DE4956985E}"
	ProjectSection(SolutionItems) = preProject
		CustomDictionary.xml = CustomDictionary.xml
		InpcTracer\InpcTracer.ruleset = InpcTracer\InpcTracer.ruleset
		Settings.StyleCop = Settings.StyleCop
	EndProjectSection
EndProject
Global
	GlobalSection(SolutionConfigurationPlatforms) = preSolution
		Debug|Any CPU = Debug|Any CPU
		Release|Any CPU = Release|Any CPU
	EndGlobalSection
	GlobalSection(ProjectConfigurationPlatforms) = postSolution
		{E30365B6-EC9D-45EC-84E3-9AF5BD069EEF}.Debug|Any CPU.ActiveCfg = Debug|Any CPU
		{E30365B6-EC9D-45EC-84E3-9AF5BD069EEF}.Debug|Any CPU.Build.0 = Debug|Any CPU
		{E30365B6-EC9D-45EC-84E3-9AF5BD069EEF}.Release|Any CPU.ActiveCfg = Release|Any CPU
		{E30365B6-EC9D-45EC-84E3-9AF5BD069EEF}.Release|Any CPU.Build.0 = Release|Any CPU
		{9238F80E-EDC8-4059-B615-873196D6A1A0}.Debug|Any CPU.ActiveCfg = Debug|Any CPU
		{9238F80E-EDC8-4059-B615-873196D6A1A0}.Debug|Any CPU.Build.0 = Debug|Any CPU
		{9238F80E-EDC8-4059-B615-873196D6A1A0}.Release|Any CPU.ActiveCfg = Release|Any CPU
		{9238F80E-EDC8-4059-B615-873196D6A1A0}.Release|Any CPU.Build.0 = Release|Any CPU
		{3F374E6C-C9CA-49E4-850D-F8A344A372D0}.Debug|Any CPU.ActiveCfg = Debug|Any CPU
		{3F374E6C-C9CA-49E4-850D-F8A344A372D0}.Debug|Any CPU.Build.0 = Debug|Any CPU
		{3F374E6C-C9CA-49E4-850D-F8A344A372D0}.Release|Any CPU.ActiveCfg = Release|Any CPU
		{3F374E6C-C9CA-49E4-850D-F8A344A372D0}.Release|Any CPU.Build.0 = Release|Any CPU
		{BAA0D427-0B20-436B-A9D8-9C20171ABAF7}.Debug|Any CPU.ActiveCfg = Debug|Any CPU
		{BAA0D427-0B20-436B-A9D8-9C20171ABAF7}.Debug|Any CPU.Build.0 = Debug|Any CPU
		{BAA0D427-0B20-436B-A9D8-9C20171ABAF7}.Release|Any CPU.ActiveCfg = Release|Any CPU
		{BAA0D427-0B20-436B-A9D8-9C20171ABAF7}.Release|Any CPU.Build.0 = Release|Any CPU
	EndGlobalSection
	GlobalSection(SolutionProperties) = preSolution
		HideSolutionNode = FALSE
	EndGlobalSection
EndGlobal
