
Microsoft Visual Studio Solution File, Format Version 12.00
# Visual Studio 2013
VisualStudioVersion = 12.0.30723.0
MinimumVisualStudioVersion = 10.0.40219.1
Project("{FAE04EC0-301F-11D3-BF4B-00C04F79EFBC}") = "InpcTracer", "InpcTracer\InpcTracer.csproj", "{E30365B6-EC9D-45EC-84E3-9AF5BD069EEF}"
EndProject
Project("{FAE04EC0-301F-11D3-BF4B-00C04F79EFBC}") = "InpcTracer.Tests", "InpcTracer.Tests\InpcTracer.Tests.csproj", "{9238F80E-EDC8-4059-B615-873196D6A1A0}"
EndProject
Project("{2150E333-8FDC-42A3-9474-1A3956D46DE8}") = ".nuget", ".nuget", "{F1999FBA-E1E5-4A74-B6E9-84A4B2C00D99}"
	ProjectSection(SolutionItems) = preProject
		.nuget\NuGet.Config = .nuget\NuGet.Config
		.nuget\NuGet.exe = .nuget\NuGet.exe
		.nuget\NuGet.targets = .nuget\NuGet.targets
	EndProjectSection
EndProject
Project("{FAE04EC0-301F-11D3-BF4B-00C04F79EFBC}") = "InpcTracer.Nuget.Tests", "InpcTracer.Nuget.Tests\InpcTracer.Nuget.Tests.csproj", "{3F374E6C-C9CA-49E4-850D-F8A344A372D0}"
EndProject
Project("{FAE04EC0-301F-11D3-BF4B-00C04F79EFBC}") = "InpcTracer.NTests", "InpcTracer.NTests\InpcTracer.NTests.csproj", "{BAA0D427-0B20-436B-A9D8-9C20171ABAF7}"
EndProject
Project("{2150E333-8FDC-42A3-9474-1A3956D46DE8}") = "Solution Items", "Solution Items", "{2BD736DE-FB4D-4310-81A0-C0DE4956985E}"
	ProjectSection(SolutionItems) = preProject
		CommonAssemblyInfo.cs = CommonAssemblyInfo.cs
		CustomDictionary.xml = CustomDictionary.xml
		InpcTracer.nuspec = InpcTracer.nuspec
		InpcTracer\InpcTracer.ruleset = InpcTracer\InpcTracer.ruleset
		InpcTracer\NuGet.txt = InpcTracer\NuGet.txt
		README.md = README.md
		Settings.StyleCop = Settings.StyleCop
	EndProjectSection
EndProject
Project("{FAE04EC0-301F-11D3-BF4B-00C04F79EFBC}") = "InpcTracer.Net4", "InpcTracer.Net4\InpcTracer.Net4.csproj", "{5A04AAB0-2817-467D-9899-CD4D001F397F}"
EndProject
Project("{FAE04EC0-301F-11D3-BF4B-00C04F79EFBC}") = "InpcTracer.Net35", "InpcTracer.Net35\InpcTracer.Net35.csproj", "{F8435E6D-BC68-4BA7-B0A0-0B55D666460B}"
EndProject
Project("{FAE04EC0-301F-11D3-BF4B-00C04F79EFBC}") = "Core", "..\FluentAssertions\FluentAssertions.Core\Core.csproj", "{8931C5EF-3BAC-473A-A343-57791D0917B1}"
EndProject
Project("{2150E333-8FDC-42A3-9474-1A3956D46DE8}") = "FluentAssertions", "FluentAssertions", "{84BE1FCB-629A-4088-8AFF-1FE810CE2153}"
EndProject
Project("{FAE04EC0-301F-11D3-BF4B-00C04F79EFBC}") = "Net45", "..\FluentAssertions\FluentAssertions.Net45\Net45.csproj", "{81D1792F-3C87-49CF-A502-9F232FF3719C}"
EndProject
Global
	GlobalSection(SharedMSBuildProjectFiles) = preSolution
		..\FluentAssertions\Shared\Shared.projitems*{81d1792f-3c87-49cf-a502-9f232ff3719c}*SharedItemsImports = 4
	EndGlobalSection
	GlobalSection(SolutionConfigurationPlatforms) = preSolution
		Debug|Any CPU = Debug|Any CPU
		Release|Any CPU = Release|Any CPU
	EndGlobalSection
	GlobalSection(ProjectConfigurationPlatforms) = postSolution
		{E30365B6-EC9D-45EC-84E3-9AF5BD069EEF}.Debug|Any CPU.ActiveCfg = Debug|Any CPU
		{E30365B6-EC9D-45EC-84E3-9AF5BD069EEF}.Debug|Any CPU.Build.0 = Debug|Any CPU
		{E30365B6-EC9D-45EC-84E3-9AF5BD069EEF}.Release|Any CPU.ActiveCfg = Release|Any CPU
		{E30365B6-EC9D-45EC-84E3-9AF5BD069EEF}.Release|Any CPU.Build.0 = Release|Any CPU
		{9238F80E-EDC8-4059-B615-873196D6A1A0}.Debug|Any CPU.ActiveCfg = Debug|Any CPU
		{9238F80E-EDC8-4059-B615-873196D6A1A0}.Debug|Any CPU.Build.0 = Debug|Any CPU
		{9238F80E-EDC8-4059-B615-873196D6A1A0}.Release|Any CPU.ActiveCfg = Release|Any CPU
		{9238F80E-EDC8-4059-B615-873196D6A1A0}.Release|Any CPU.Build.0 = Release|Any CPU
		{3F374E6C-C9CA-49E4-850D-F8A344A372D0}.Debug|Any CPU.ActiveCfg = Debug|Any CPU
		{3F374E6C-C9CA-49E4-850D-F8A344A372D0}.Debug|Any CPU.Build.0 = Debug|Any CPU
		{3F374E6C-C9CA-49E4-850D-F8A344A372D0}.Release|Any CPU.ActiveCfg = Release|Any CPU
		{3F374E6C-C9CA-49E4-850D-F8A344A372D0}.Release|Any CPU.Build.0 = Release|Any CPU
		{BAA0D427-0B20-436B-A9D8-9C20171ABAF7}.Debug|Any CPU.ActiveCfg = Debug|Any CPU
		{BAA0D427-0B20-436B-A9D8-9C20171ABAF7}.Debug|Any CPU.Build.0 = Debug|Any CPU
		{BAA0D427-0B20-436B-A9D8-9C20171ABAF7}.Release|Any CPU.ActiveCfg = Release|Any CPU
		{BAA0D427-0B20-436B-A9D8-9C20171ABAF7}.Release|Any CPU.Build.0 = Release|Any CPU
		{5A04AAB0-2817-467D-9899-CD4D001F397F}.Debug|Any CPU.ActiveCfg = Debug|Any CPU
		{5A04AAB0-2817-467D-9899-CD4D001F397F}.Debug|Any CPU.Build.0 = Debug|Any CPU
		{5A04AAB0-2817-467D-9899-CD4D001F397F}.Release|Any CPU.ActiveCfg = Release|Any CPU
		{5A04AAB0-2817-467D-9899-CD4D001F397F}.Release|Any CPU.Build.0 = Release|Any CPU
		{F8435E6D-BC68-4BA7-B0A0-0B55D666460B}.Debug|Any CPU.ActiveCfg = Debug|Any CPU
		{F8435E6D-BC68-4BA7-B0A0-0B55D666460B}.Debug|Any CPU.Build.0 = Debug|Any CPU
		{F8435E6D-BC68-4BA7-B0A0-0B55D666460B}.Release|Any CPU.ActiveCfg = Release|Any CPU
		{F8435E6D-BC68-4BA7-B0A0-0B55D666460B}.Release|Any CPU.Build.0 = Release|Any CPU
		{8931C5EF-3BAC-473A-A343-57791D0917B1}.Debug|Any CPU.ActiveCfg = Debug|Any CPU
		{8931C5EF-3BAC-473A-A343-57791D0917B1}.Debug|Any CPU.Build.0 = Debug|Any CPU
		{8931C5EF-3BAC-473A-A343-57791D0917B1}.Release|Any CPU.ActiveCfg = Release|Any CPU
		{8931C5EF-3BAC-473A-A343-57791D0917B1}.Release|Any CPU.Build.0 = Release|Any CPU
		{81D1792F-3C87-49CF-A502-9F232FF3719C}.Debug|Any CPU.ActiveCfg = Debug|Any CPU
		{81D1792F-3C87-49CF-A502-9F232FF3719C}.Debug|Any CPU.Build.0 = Debug|Any CPU
		{81D1792F-3C87-49CF-A502-9F232FF3719C}.Release|Any CPU.ActiveCfg = Release|Any CPU
		{81D1792F-3C87-49CF-A502-9F232FF3719C}.Release|Any CPU.Build.0 = Release|Any CPU
	EndGlobalSection
	GlobalSection(SolutionProperties) = preSolution
		HideSolutionNode = FALSE
	EndGlobalSection
	GlobalSection(NestedProjects) = preSolution
		{8931C5EF-3BAC-473A-A343-57791D0917B1} = {84BE1FCB-629A-4088-8AFF-1FE810CE2153}
		{81D1792F-3C87-49CF-A502-9F232FF3719C} = {84BE1FCB-629A-4088-8AFF-1FE810CE2153}
	EndGlobalSection
EndGlobal
